
Microsoft Visual Studio Solution File, Format Version 12.00
# Visual Studio Version 17
VisualStudioVersion = 17.10.35013.160
MinimumVisualStudioVersion = 10.0.40219.1
Project("{F184B08F-C81C-45F6-A57F-5ABD9991F28F}") = "Practica Visual Basic", "Practica Visual Basic\Practica Visual Basic.vbproj", "{9EA491BB-C413-424E-9BF3-2059D2FDFA47}"
EndProject
Global
	GlobalSection(SolutionConfigurationPlatforms) = preSolution
		Debug|Any CPU = Debug|Any CPU
		Release|Any CPU = Release|Any CPU
	EndGlobalSection
	GlobalSection(ProjectConfigurationPlatforms) = postSolution
		{9EA491BB-C413-424E-9BF3-2059D2FDFA47}.Debug|Any CPU.ActiveCfg = Debug|Any CPU
		{9EA491BB-C413-424E-9BF3-2059D2FDFA47}.Debug|Any CPU.Build.0 = Debug|Any CPU
		{9EA491BB-C413-424E-9BF3-2059D2FDFA47}.Release|Any CPU.ActiveCfg = Release|Any CPU
		{9EA491BB-C413-424E-9BF3-2059D2FDFA47}.Release|Any CPU.Build.0 = Release|Any CPU
	EndGlobalSection
	GlobalSection(SolutionProperties) = preSolution
		HideSolutionNode = FALSE
	EndGlobalSection
	GlobalSection(ExtensibilityGlobals) = postSolution
		SolutionGuid = {EF3A30B8-A810-4AD7-B98F-35E6F353EF94}
	EndGlobalSection
EndGlobal
